<?xml version="1.0" encoding="utf-8"?>
<Project ToolsVersion="4.0" xmlns="http://schemas.microsoft.com/developer/msbuild/2003">
  <ItemGroup>
    <ClCompile Include="GameTest.cpp" />
    <ClCompile Include="stdafx.cpp" />
    <ClCompile Include="App\app.cpp">
      <Filter>NextAPI</Filter>
    </ClCompile>
    <ClCompile Include="App\main.cpp">
      <Filter>NextAPI</Filter>
    </ClCompile>
    <ClCompile Include="App\SimpleController.cpp">
      <Filter>NextAPI</Filter>
    </ClCompile>
    <ClCompile Include="App\SimpleSound.cpp">
      <Filter>NextAPI</Filter>
    </ClCompile>
    <ClCompile Include="App\SimpleSprite.cpp">
      <Filter>NextAPI</Filter>
    </ClCompile>
    <ClCompile Include="stb_image\stb_image.cpp">
      <Filter>stb_image</Filter>
    </ClCompile>
    <ClCompile Include="PlayerController.cpp" />
    <ClCompile Include="SpriteComponent.cpp" />
    <ClCompile Include="Actor.cpp" />
    <ClCompile Include="PhysicsComponent.cpp" />
    <ClCompile Include="LineComponent.cpp" />
    <ClCompile Include="Bullet.cpp" />
    <ClCompile Include="Command.cpp" />
  </ItemGroup>
  <ItemGroup>
    <ClInclude Include="stdafx.h" />
    <ClInclude Include="App\app.h">
      <Filter>NextAPI</Filter>
    </ClInclude>
    <ClInclude Include="App\AppSettings.h">
      <Filter>NextAPI</Filter>
    </ClInclude>
    <ClInclude Include="App\main.h">
      <Filter>NextAPI</Filter>
    </ClInclude>
    <ClInclude Include="App\SimpleController.h">
      <Filter>NextAPI</Filter>
    </ClInclude>
    <ClInclude Include="App\SimpleSound.h">
      <Filter>NextAPI</Filter>
    </ClInclude>
    <ClInclude Include="App\SimpleSprite.h">
      <Filter>NextAPI</Filter>
    </ClInclude>
    <ClInclude Include="targetver.h">
      <Filter>NextAPI</Filter>
    </ClInclude>
    <ClInclude Include="stb_image\stb_image.h">
      <Filter>stb_image</Filter>
    </ClInclude>
    <ClInclude Include="2DMath.h">
      <Filter>GameMath</Filter>
    </ClInclude>
    <ClInclude Include="PlayerController.h" />
    <ClInclude Include="Component.h" />
    <ClInclude Include="SpriteComponent.h" />
    <ClInclude Include="Actor.h" />
    <ClInclude Include="PhysicsComponent.h" />
    <ClInclude Include="Physics.h" />
    <ClInclude Include="LineComponent.h" />
    <ClInclude Include="Interfaces.h" />
    <ClInclude Include="Bullet.h" />
    <ClInclude Include="Command.h" />
  </ItemGroup>
  <ItemGroup>
    <Filter Include="NextAPI">
      <UniqueIdentifier>{f318918d-bb9f-4402-ae1c-4f72186d16f6}</UniqueIdentifier>
    </Filter>
    <Filter Include="stb_image">
      <UniqueIdentifier>{61cfc19b-c57e-4021-b530-bac172fcba86}</UniqueIdentifier>
    </Filter>
    <Filter Include="GameMath">
      <UniqueIdentifier>{b0b9905b-35a3-4864-92d8-4b1f4f5d61a4}</UniqueIdentifier>
    </Filter>
  </ItemGroup>
  <ItemGroup>
    <Text Include="ReadMe.txt">
      <Filter>NextAPI</Filter>
    </Text>
  </ItemGroup>
</Project>