<?xml version="1.0" encoding="utf-8"?>
<Project ToolsVersion="4.0" xmlns="http://schemas.microsoft.com/developer/msbuild/2003">
  <ItemGroup>
    <ClCompile Include="GameTest.cpp" />
    <ClCompile Include="stdafx.cpp" />
    <ClCompile Include="App\app.cpp">
      <Filter>NextAPI</Filter>
    </ClCompile>
    <ClCompile Include="App\main.cpp">
      <Filter>NextAPI</Filter>
    </ClCompile>
    <ClCompile Include="App\SimpleController.cpp">
      <Filter>NextAPI</Filter>
    </ClCompile>
    <ClCompile Include="App\SimpleSound.cpp">
      <Filter>NextAPI</Filter>
    </ClCompile>
    <ClCompile Include="App\SimpleSprite.cpp">
      <Filter>NextAPI</Filter>
    </ClCompile>
    <ClCompile Include="stb_image\stb_image.cpp">
      <Filter>stb_image</Filter>
    </ClCompile>
    <ClCompile Include="PlayerController.cpp" />
    <ClCompile Include="PoolObject.cpp" />
    <ClCompile Include="Command.cpp" />
    <ClCompile Include="ObjectPool.cpp" />
    <ClCompile Include="CircleComponent.cpp">
      <Filter>Components</Filter>
    </ClCompile>
    <ClCompile Include="LineComponent.cpp">
      <Filter>Components</Filter>
    </ClCompile>
    <ClCompile Include="PhysicsComponent.cpp">
      <Filter>Components</Filter>
    </ClCompile>
    <ClCompile Include="SpriteComponent.cpp">
      <Filter>Components</Filter>
    </ClCompile>
    <ClCompile Include="Timer.cpp" />
    <ClCompile Include="Actor.cpp">
      <Filter>Components</Filter>
    </ClCompile>
    <ClCompile Include="ProgressBar.cpp" />
    <ClCompile Include="Collectible.cpp" />
    <ClCompile Include="RectangleComponent.cpp">
      <Filter>Components</Filter>
    </ClCompile>
  </ItemGroup>
  <ItemGroup>
    <ClInclude Include="stdafx.h" />
    <ClInclude Include="App\app.h">
      <Filter>NextAPI</Filter>
    </ClInclude>
    <ClInclude Include="App\AppSettings.h">
      <Filter>NextAPI</Filter>
    </ClInclude>
    <ClInclude Include="App\main.h">
      <Filter>NextAPI</Filter>
    </ClInclude>
    <ClInclude Include="App\SimpleController.h">
      <Filter>NextAPI</Filter>
    </ClInclude>
    <ClInclude Include="App\SimpleSound.h">
      <Filter>NextAPI</Filter>
    </ClInclude>
    <ClInclude Include="App\SimpleSprite.h">
      <Filter>NextAPI</Filter>
    </ClInclude>
    <ClInclude Include="targetver.h">
      <Filter>NextAPI</Filter>
    </ClInclude>
    <ClInclude Include="stb_image\stb_image.h">
      <Filter>stb_image</Filter>
    </ClInclude>
    <ClInclude Include="2DMath.h">
      <Filter>GameMath</Filter>
    </ClInclude>
    <ClInclude Include="PlayerController.h" />
    <ClInclude Include="Interfaces.h" />
    <ClInclude Include="PoolObject.h" />
    <ClInclude Include="Command.h" />
    <ClInclude Include="ObjectPool.h" />
    <ClInclude Include="CircleComponent.h">
      <Filter>Components</Filter>
    </ClInclude>
    <ClInclude Include="LineComponent.h">
      <Filter>Components</Filter>
    </ClInclude>
    <ClInclude Include="PhysicsComponent.h">
      <Filter>Components</Filter>
    </ClInclude>
    <ClInclude Include="SpriteComponent.h">
      <Filter>Components</Filter>
    </ClInclude>
    <ClInclude Include="Physics.h">
      <Filter>GameMath</Filter>
    </ClInclude>
    <ClInclude Include="Component.h">
      <Filter>Components</Filter>
    </ClInclude>
    <ClInclude Include="Timer.h" />
    <ClInclude Include="Actor.h">
      <Filter>Components</Filter>
    </ClInclude>
    <ClInclude Include="ProgressBar.h" />
    <ClInclude Include="Collectible.h" />
    <ClInclude Include="RectangleComponent.h">
      <Filter>Components</Filter>
    </ClInclude>
  </ItemGroup>
  <ItemGroup>
    <Filter Include="NextAPI">
      <UniqueIdentifier>{f318918d-bb9f-4402-ae1c-4f72186d16f6}</UniqueIdentifier>
    </Filter>
    <Filter Include="stb_image">
      <UniqueIdentifier>{61cfc19b-c57e-4021-b530-bac172fcba86}</UniqueIdentifier>
    </Filter>
    <Filter Include="GameMath">
      <UniqueIdentifier>{b0b9905b-35a3-4864-92d8-4b1f4f5d61a4}</UniqueIdentifier>
    </Filter>
    <Filter Include="Components">
      <UniqueIdentifier>{f68edb13-d2a0-4acf-bd95-96d537592ea5}</UniqueIdentifier>
    </Filter>
  </ItemGroup>
  <ItemGroup>
    <Text Include="ReadMe.txt">
      <Filter>NextAPI</Filter>
    </Text>
  </ItemGroup>
</Project>